// !$*UTF8*$!
{
	archiveVersion = 1;
	classes = {
	};
	objectVersion = 46;
	objects = {

/* Begin PBXBuildFile section */
		A7130E3C16F7340D00458CA3 /* UIKit.framework in Frameworks */ = {isa = PBXBuildFile; fileRef = A7130E3B16F7340D00458CA3 /* UIKit.framework */; };
		A7130E3E16F7340D00458CA3 /* Foundation.framework in Frameworks */ = {isa = PBXBuildFile; fileRef = A7130E3D16F7340D00458CA3 /* Foundation.framework */; };
		A7130E4016F7340D00458CA3 /* CoreGraphics.framework in Frameworks */ = {isa = PBXBuildFile; fileRef = A7130E3F16F7340D00458CA3 /* CoreGraphics.framework */; };
		A7130E4616F7340D00458CA3 /* InfoPlist.strings in Resources */ = {isa = PBXBuildFile; fileRef = A7130E4416F7340D00458CA3 /* InfoPlist.strings */; };
		A7130E4816F7340D00458CA3 /* main.m in Sources */ = {isa = PBXBuildFile; fileRef = A7130E4716F7340D00458CA3 /* main.m */; };
		A7130E4C16F7340D00458CA3 /* ORJAppDelegate.m in Sources */ = {isa = PBXBuildFile; fileRef = A7130E4B16F7340D00458CA3 /* ORJAppDelegate.m */; };
		A7130E4E16F7340D00458CA3 /* Default.png in Resources */ = {isa = PBXBuildFile; fileRef = A7130E4D16F7340D00458CA3 /* Default.png */; };
		A7130E5016F7340D00458CA3 /* Default@2x.png in Resources */ = {isa = PBXBuildFile; fileRef = A7130E4F16F7340D00458CA3 /* Default@2x.png */; };
		A7130E5216F7340D00458CA3 /* Default-568h@2x.png in Resources */ = {isa = PBXBuildFile; fileRef = A7130E5116F7340D00458CA3 /* Default-568h@2x.png */; };
		A7130E5A16F7345800458CA3 /* NSError+ORJError.m in Sources */ = {isa = PBXBuildFile; fileRef = A7130E5916F7345800458CA3 /* NSError+ORJError.m */; };
		A7130E5E16F739BF00458CA3 /* UIColor+ORJColor.m in Sources */ = {isa = PBXBuildFile; fileRef = A7130E5D16F739BF00458CA3 /* UIColor+ORJColor.m */; };
/* End PBXBuildFile section */

/* Begin PBXFileReference section */
		A7130E3816F7340D00458CA3 /* XMacroExamples.app */ = {isa = PBXFileReference; explicitFileType = wrapper.application; includeInIndex = 0; path = XMacroExamples.app; sourceTree = BUILT_PRODUCTS_DIR; };
		A7130E3B16F7340D00458CA3 /* UIKit.framework */ = {isa = PBXFileReference; lastKnownFileType = wrapper.framework; name = UIKit.framework; path = System/Library/Frameworks/UIKit.framework; sourceTree = SDKROOT; };
		A7130E3D16F7340D00458CA3 /* Foundation.framework */ = {isa = PBXFileReference; lastKnownFileType = wrapper.framework; name = Foundation.framework; path = System/Library/Frameworks/Foundation.framework; sourceTree = SDKROOT; };
		A7130E3F16F7340D00458CA3 /* CoreGraphics.framework */ = {isa = PBXFileReference; lastKnownFileType = wrapper.framework; name = CoreGraphics.framework; path = System/Library/Frameworks/CoreGraphics.framework; sourceTree = SDKROOT; };
		A7130E4316F7340D00458CA3 /* XMacroExamples-Info.plist */ = {isa = PBXFileReference; lastKnownFileType = text.plist.xml; path = "XMacroExamples-Info.plist"; sourceTree = "<group>"; };
		A7130E4516F7340D00458CA3 /* en */ = {isa = PBXFileReference; lastKnownFileType = text.plist.strings; name = en; path = en.lproj/InfoPlist.strings; sourceTree = "<group>"; };
		A7130E4716F7340D00458CA3 /* main.m */ = {isa = PBXFileReference; lastKnownFileType = sourcecode.c.objc; path = main.m; sourceTree = "<group>"; };
		A7130E4916F7340D00458CA3 /* XMacroExamples-Prefix.pch */ = {isa = PBXFileReference; lastKnownFileType = sourcecode.c.h; path = "XMacroExamples-Prefix.pch"; sourceTree = "<group>"; };
		A7130E4A16F7340D00458CA3 /* ORJAppDelegate.h */ = {isa = PBXFileReference; lastKnownFileType = sourcecode.c.h; path = ORJAppDelegate.h; sourceTree = "<group>"; };
		A7130E4B16F7340D00458CA3 /* ORJAppDelegate.m */ = {isa = PBXFileReference; lastKnownFileType = sourcecode.c.objc; path = ORJAppDelegate.m; sourceTree = "<group>"; };
		A7130E4D16F7340D00458CA3 /* Default.png */ = {isa = PBXFileReference; lastKnownFileType = image.png; path = Default.png; sourceTree = "<group>"; };
		A7130E4F16F7340D00458CA3 /* Default@2x.png */ = {isa = PBXFileReference; lastKnownFileType = image.png; path = "Default@2x.png"; sourceTree = "<group>"; };
		A7130E5116F7340D00458CA3 /* Default-568h@2x.png */ = {isa = PBXFileReference; lastKnownFileType = image.png; path = "Default-568h@2x.png"; sourceTree = "<group>"; };
		A7130E5816F7345800458CA3 /* NSError+ORJError.h */ = {isa = PBXFileReference; fileEncoding = 4; lastKnownFileType = sourcecode.c.h; path = "NSError+ORJError.h"; sourceTree = "<group>"; };
		A7130E5916F7345800458CA3 /* NSError+ORJError.m */ = {isa = PBXFileReference; fileEncoding = 4; lastKnownFileType = sourcecode.c.objc; path = "NSError+ORJError.m"; sourceTree = "<group>"; };
		A7130E5B16F7348E00458CA3 /* ORJErrors.def */ = {isa = PBXFileReference; explicitFileType = sourcecode.c.h; path = ORJErrors.def; sourceTree = "<group>"; };
		A7130E5C16F739BF00458CA3 /* UIColor+ORJColor.h */ = {isa = PBXFileReference; fileEncoding = 4; lastKnownFileType = sourcecode.c.h; path = "UIColor+ORJColor.h"; sourceTree = "<group>"; };
		A7130E5D16F739BF00458CA3 /* UIColor+ORJColor.m */ = {isa = PBXFileReference; fileEncoding = 4; lastKnownFileType = sourcecode.c.objc; path = "UIColor+ORJColor.m"; sourceTree = "<group>"; };
		A7130E6116F73A4000458CA3 /* CSSColors.def */ = {isa = PBXFileReference; explicitFileType = sourcecode.c.h; path = CSSColors.def; sourceTree = "<group>"; };
/* End PBXFileReference section */

/* Begin PBXFrameworksBuildPhase section */
		A7130E3516F7340D00458CA3 /* Frameworks */ = {
			isa = PBXFrameworksBuildPhase;
			buildActionMask = 2147483647;
			files = (
				A7130E3C16F7340D00458CA3 /* UIKit.framework in Frameworks */,
				A7130E3E16F7340D00458CA3 /* Foundation.framework in Frameworks */,
				A7130E4016F7340D00458CA3 /* CoreGraphics.framework in Frameworks */,
			);
			runOnlyForDeploymentPostprocessing = 0;
		};
/* End PBXFrameworksBuildPhase section */

/* Begin PBXGroup section */
		A7130E2F16F7340D00458CA3 = {
			isa = PBXGroup;
			children = (
				A7130E4116F7340D00458CA3 /* XMacroExamples */,
				A7130E3A16F7340D00458CA3 /* Frameworks */,
				A7130E3916F7340D00458CA3 /* Products */,
			);
			sourceTree = "<group>";
		};
		A7130E3916F7340D00458CA3 /* Products */ = {
			isa = PBXGroup;
			children = (
				A7130E3816F7340D00458CA3 /* XMacroExamples.app */,
			);
			name = Products;
			sourceTree = "<group>";
		};
		A7130E3A16F7340D00458CA3 /* Frameworks */ = {
			isa = PBXGroup;
			children = (
				A7130E3B16F7340D00458CA3 /* UIKit.framework */,
				A7130E3D16F7340D00458CA3 /* Foundation.framework */,
				A7130E3F16F7340D00458CA3 /* CoreGraphics.framework */,
			);
			name = Frameworks;
			sourceTree = "<group>";
		};
		A7130E4116F7340D00458CA3 /* XMacroExamples */ = {
			isa = PBXGroup;
			children = (
				A7130E6016F73A2B00458CA3 /* Colors */,
				A7130E5F16F739DD00458CA3 /* Errors */,
				A7130E4A16F7340D00458CA3 /* ORJAppDelegate.h */,
				A7130E4B16F7340D00458CA3 /* ORJAppDelegate.m */,
				A7130E4216F7340D00458CA3 /* Supporting Files */,
			);
			path = XMacroExamples;
			sourceTree = "<group>";
		};
		A7130E4216F7340D00458CA3 /* Supporting Files */ = {
			isa = PBXGroup;
			children = (
				A7130E4316F7340D00458CA3 /* XMacroExamples-Info.plist */,
				A7130E4416F7340D00458CA3 /* InfoPlist.strings */,
				A7130E4716F7340D00458CA3 /* main.m */,
				A7130E4916F7340D00458CA3 /* XMacroExamples-Prefix.pch */,
				A7130E4D16F7340D00458CA3 /* Default.png */,
				A7130E4F16F7340D00458CA3 /* Default@2x.png */,
				A7130E5116F7340D00458CA3 /* Default-568h@2x.png */,
			);
			name = "Supporting Files";
			sourceTree = "<group>";
		};
		A7130E5F16F739DD00458CA3 /* Errors */ = {
			isa = PBXGroup;
			children = (
				A7130E5B16F7348E00458CA3 /* ORJErrors.def */,
				A7130E5816F7345800458CA3 /* NSError+ORJError.h */,
				A7130E5916F7345800458CA3 /* NSError+ORJError.m */,
			);
			name = Errors;
			sourceTree = "<group>";
		};
		A7130E6016F73A2B00458CA3 /* Colors */ = {
			isa = PBXGroup;
			children = (
				A7130E5C16F739BF00458CA3 /* UIColor+ORJColor.h */,
				A7130E5D16F739BF00458CA3 /* UIColor+ORJColor.m */,
				A7130E6116F73A4000458CA3 /* CSSColors.def */,
			);
			name = Colors;
			sourceTree = "<group>";
		};
/* End PBXGroup section */

/* Begin PBXNativeTarget section */
		A7130E3716F7340D00458CA3 /* XMacroExamples */ = {
			isa = PBXNativeTarget;
			buildConfigurationList = A7130E5516F7340D00458CA3 /* Build configuration list for PBXNativeTarget "XMacroExamples" */;
			buildPhases = (
				A7130E3416F7340D00458CA3 /* Sources */,
				A7130E3516F7340D00458CA3 /* Frameworks */,
				A7130E3616F7340D00458CA3 /* Resources */,
			);
			buildRules = (
			);
			dependencies = (
			);
			name = XMacroExamples;
			productName = XMacroExamples;
			productReference = A7130E3816F7340D00458CA3 /* XMacroExamples.app */;
			productType = "com.apple.product-type.application";
		};
/* End PBXNativeTarget section */

/* Begin PBXProject section */
		A7130E3016F7340D00458CA3 /* Project object */ = {
			isa = PBXProject;
			attributes = {
				CLASSPREFIX = ORJ;
				LastUpgradeCheck = 0460;
				ORGANIZATIONNAME = "Oliver Jones";
			};
			buildConfigurationList = A7130E3316F7340D00458CA3 /* Build configuration list for PBXProject "XMacroExamples" */;
			compatibilityVersion = "Xcode 3.2";
			developmentRegion = English;
			hasScannedForEncodings = 0;
			knownRegions = (
				en,
			);
			mainGroup = A7130E2F16F7340D00458CA3;
			productRefGroup = A7130E3916F7340D00458CA3 /* Products */;
			projectDirPath = "";
			projectRoot = "";
			targets = (
				A7130E3716F7340D00458CA3 /* XMacroExamples */,
			);
		};
/* End PBXProject section */

/* Begin PBXResourcesBuildPhase section */
		A7130E3616F7340D00458CA3 /* Resources */ = {
			isa = PBXResourcesBuildPhase;
			buildActionMask = 2147483647;
			files = (
				A7130E4616F7340D00458CA3 /* InfoPlist.strings in Resources */,
				A7130E4E16F7340D00458CA3 /* Default.png in Resources */,
				A7130E5016F7340D00458CA3 /* Default@2x.png in Resources */,
				A7130E5216F7340D00458CA3 /* Default-568h@2x.png in Resources */,
			);
			runOnlyForDeploymentPostprocessing = 0;
		};
/* End PBXResourcesBuildPhase section */

/* Begin PBXSourcesBuildPhase section */
		A7130E3416F7340D00458CA3 /* Sources */ = {
			isa = PBXSourcesBuildPhase;
			buildActionMask = 2147483647;
			files = (
				A7130E4816F7340D00458CA3 /* main.m in Sources */,
				A7130E4C16F7340D00458CA3 /* ORJAppDelegate.m in Sources */,
				A7130E5A16F7345800458CA3 /* NSError+ORJError.m in Sources */,
				A7130E5E16F739BF00458CA3 /* UIColor+ORJColor.m in Sources */,
			);
			runOnlyForDeploymentPostprocessing = 0;
		};
/* End PBXSourcesBuildPhase section */

/* Begin PBXVariantGroup section */
		A7130E4416F7340D00458CA3 /* InfoPlist.strings */ = {
			isa = PBXVariantGroup;
			children = (
				A7130E4516F7340D00458CA3 /* en */,
			);
			name = InfoPlist.strings;
			sourceTree = "<group>";
		};
/* End PBXVariantGroup section */

/* Begin XCBuildConfiguration section */
		A7130E5316F7340D00458CA3 /* Debug */ = {
			isa = XCBuildConfiguration;
			buildSettings = {
				ALWAYS_SEARCH_USER_PATHS = NO;
				CLANG_CXX_LANGUAGE_STANDARD = "gnu++0x";
				CLANG_CXX_LIBRARY = "libc++";
				CLANG_ENABLE_OBJC_ARC = YES;
				CLANG_WARN_CONSTANT_CONVERSION = YES;
				CLANG_WARN_EMPTY_BODY = YES;
				CLANG_WARN_ENUM_CONVERSION = YES;
				CLANG_WARN_INT_CONVERSION = YES;
				CLANG_WARN__DUPLICATE_METHOD_MATCH = YES;
				"CODE_SIGN_IDENTITY[sdk=iphoneos*]" = "iPhone Developer";
				COPY_PHASE_STRIP = NO;
				GCC_C_LANGUAGE_STANDARD = gnu99;
				GCC_DYNAMIC_NO_PIC = NO;
				GCC_OPTIMIZATION_LEVEL = 0;
				GCC_PREPROCESSOR_DEFINITIONS = (
					"DEBUG=1",
					"$(inherited)",
				);
				GCC_SYMBOLS_PRIVATE_EXTERN = NO;
				GCC_WARN_ABOUT_RETURN_TYPE = YES;
				GCC_WARN_UNINITIALIZED_AUTOS = YES;
				GCC_WARN_UNUSED_VARIABLE = YES;
				IPHONEOS_DEPLOYMENT_TARGET = 6.1;
				ONLY_ACTIVE_ARCH = YES;
				SDKROOT = iphoneos;
				TARGETED_DEVICE_FAMILY = "1,2";
			};
			name = Debug;
		};
		A7130E5416F7340D00458CA3 /* Release */ = {
			isa = XCBuildConfiguration;
			buildSettings = {
				ALWAYS_SEARCH_USER_PATHS = NO;
				CLANG_CXX_LANGUAGE_STANDARD = "gnu++0x";
				CLANG_CXX_LIBRARY = "libc++";
				CLANG_ENABLE_OBJC_ARC = YES;
				CLANG_WARN_CONSTANT_CONVERSION = YES;
				CLANG_WARN_EMPTY_BODY = YES;
				CLANG_WARN_ENUM_CONVERSION = YES;
				CLANG_WARN_INT_CONVERSION = YES;
				CLANG_WARN__DUPLICATE_METHOD_MATCH = YES;
				"CODE_SIGN_IDENTITY[sdk=iphoneos*]" = "iPhone Developer";
				COPY_PHASE_STRIP = YES;
				GCC_C_LANGUAGE_STANDARD = gnu99;
				GCC_WARN_ABOUT_RETURN_TYPE = YES;
				GCC_WARN_UNINITIALIZED_AUTOS = YES;
				GCC_WARN_UNUSED_VARIABLE = YES;
				IPHONEOS_DEPLOYMENT_TARGET = 6.1;
				OTHER_CFLAGS = "-DNS_BLOCK_ASSERTIONS=1";
				SDKROOT = iphoneos;
				TARGETED_DEVICE_FAMILY = "1,2";
				VALIDATE_PRODUCT = YES;
			};
			name = Release;
		};
		A7130E5616F7340D00458CA3 /* Debug */ = {
			isa = XCBuildConfiguration;
			buildSettings = {
				GCC_PRECOMPILE_PREFIX_HEADER = YES;
				GCC_PREFIX_HEADER = "XMacroExamples/XMacroExamples-Prefix.pch";
				INFOPLIST_FILE = "XMacroExamples/XMacroExamples-Info.plist";
				PRODUCT_NAME = "$(TARGET_NAME)";
				WRAPPER_EXTENSION = app;
			};
			name = Debug;
		};
		A7130E5716F7340D00458CA3 /* Release */ = {
			isa = XCBuildConfiguration;
			buildSettings = {
				GCC_PRECOMPILE_PREFIX_HEADER = YES;
				GCC_PREFIX_HEADER = "XMacroExamples/XMacroExamples-Prefix.pch";
				INFOPLIST_FILE = "XMacroExamples/XMacroExamples-Info.plist";
				PRODUCT_NAME = "$(TARGET_NAME)";
				WRAPPER_EXTENSION = app;
			};
			name = Release;
		};
/* End XCBuildConfiguration section */

/* Begin XCConfigurationList section */
		A7130E3316F7340D00458CA3 /* Build configuration list for PBXProject "XMacroExamples" */ = {
			isa = XCConfigurationList;
			buildConfigurations = (
				A7130E5316F7340D00458CA3 /* Debug */,
				A7130E5416F7340D00458CA3 /* Release */,
			);
			defaultConfigurationIsVisible = 0;
			defaultConfigurationName = Release;
		};
		A7130E5516F7340D00458CA3 /* Build configuration list for PBXNativeTarget "XMacroExamples" */ = {
			isa = XCConfigurationList;
			buildConfigurations = (
				A7130E5616F7340D00458CA3 /* Debug */,
				A7130E5716F7340D00458CA3 /* Release */,
			);
			defaultConfigurationIsVisible = 0;
		};
/* End XCConfigurationList section */
	};
	rootObject = A7130E3016F7340D00458CA3 /* Project object */;
}
